{
  "requires": true,
  "lockfileVersion": 1,
  "dependencies": {
    "com-plugin-examineeplugin": {
      "version": "1.0.2",
      "resolved": "https://registry.npmjs.org/com-plugin-examineeplugin/-/com-plugin-examineeplugin-1.0.2.tgz",
      "integrity": "sha512-7w/9yxN9QJ+AR3OiBfz0qsiYzHj/cCl/WULBMWe+MEPR2lwhjQhI2LUlr05mLbOLEO95tptQRLTTnXsdg5XCBQ=="
    }
  }
}
